
Microsoft Visual Studio Solution File, Format Version 12.00
# Visual Studio Version 17
VisualStudioVersion = 17.11.35303.130
MinimumVisualStudioVersion = 10.0.40219.1
Project("{FAE04EC0-301F-11D3-BF4B-00C04F79EFBC}") = "Demo", "Demo\Demo.csproj", "{FEC95589-31F9-4CD2-B398-984208CA1C1C}"
EndProject
Project("{FAE04EC0-301F-11D3-BF4B-00C04F79EFBC}") = "Domain", "Domain\Domain.csproj", "{2EC65C40-29A8-4DD6-B8A5-96E49C75C5C6}"
EndProject
Project("{FAE04EC0-301F-11D3-BF4B-00C04F79EFBC}") = "TestDomain", "TestDomain\TestDomain.csproj", "{6AD7A7B7-2221-44F6-B19A-ED1E0F5000EE}"
EndProject
Global
	GlobalSection(SolutionConfigurationPlatforms) = preSolution
		Debug|Any CPU = Debug|Any CPU
		Release|Any CPU = Release|Any CPU
	EndGlobalSection
	GlobalSection(ProjectConfigurationPlatforms) = postSolution
		{FEC95589-31F9-4CD2-B398-984208CA1C1C}.Debug|Any CPU.ActiveCfg = Debug|Any CPU
		{FEC95589-31F9-4CD2-B398-984208CA1C1C}.Debug|Any CPU.Build.0 = Debug|Any CPU
		{FEC95589-31F9-4CD2-B398-984208CA1C1C}.Release|Any CPU.ActiveCfg = Release|Any CPU
		{FEC95589-31F9-4CD2-B398-984208CA1C1C}.Release|Any CPU.Build.0 = Release|Any CPU
		{2EC65C40-29A8-4DD6-B8A5-96E49C75C5C6}.Debug|Any CPU.ActiveCfg = Debug|Any CPU
		{2EC65C40-29A8-4DD6-B8A5-96E49C75C5C6}.Debug|Any CPU.Build.0 = Debug|Any CPU
		{2EC65C40-29A8-4DD6-B8A5-96E49C75C5C6}.Release|Any CPU.ActiveCfg = Release|Any CPU
		{2EC65C40-29A8-4DD6-B8A5-96E49C75C5C6}.Release|Any CPU.Build.0 = Release|Any CPU
		{6AD7A7B7-2221-44F6-B19A-ED1E0F5000EE}.Debug|Any CPU.ActiveCfg = Debug|Any CPU
		{6AD7A7B7-2221-44F6-B19A-ED1E0F5000EE}.Debug|Any CPU.Build.0 = Debug|Any CPU
		{6AD7A7B7-2221-44F6-B19A-ED1E0F5000EE}.Release|Any CPU.ActiveCfg = Release|Any CPU
		{6AD7A7B7-2221-44F6-B19A-ED1E0F5000EE}.Release|Any CPU.Build.0 = Release|Any CPU
	EndGlobalSection
	GlobalSection(SolutionProperties) = preSolution
		HideSolutionNode = FALSE
	EndGlobalSection
	GlobalSection(ExtensibilityGlobals) = postSolution
		SolutionGuid = {A52C1C68-67BB-4A63-BE2D-9265F339DC37}
	EndGlobalSection
EndGlobal
